
Microsoft Visual Studio Solution File, Format Version 11.00
# Visual Studio 2010 Express for Windows Phone
Project("{FAE04EC0-301F-11D3-BF4B-00C04F79EFBC}") = "inClassWeek4", "inClassWeek4\inClassWeek4.csproj", "{4993F176-1C45-4801-B5ED-AF4E68F06D4C}"
EndProject
Global
	GlobalSection(SolutionConfigurationPlatforms) = preSolution
		Debug|Any CPU = Debug|Any CPU
		Release|Any CPU = Release|Any CPU
	EndGlobalSection
	GlobalSection(ProjectConfigurationPlatforms) = postSolution
		{4993F176-1C45-4801-B5ED-AF4E68F06D4C}.Debug|Any CPU.ActiveCfg = Debug|Any CPU
		{4993F176-1C45-4801-B5ED-AF4E68F06D4C}.Debug|Any CPU.Build.0 = Debug|Any CPU
		{4993F176-1C45-4801-B5ED-AF4E68F06D4C}.Debug|Any CPU.Deploy.0 = Debug|Any CPU
		{4993F176-1C45-4801-B5ED-AF4E68F06D4C}.Release|Any CPU.ActiveCfg = Release|Any CPU
		{4993F176-1C45-4801-B5ED-AF4E68F06D4C}.Release|Any CPU.Build.0 = Release|Any CPU
		{4993F176-1C45-4801-B5ED-AF4E68F06D4C}.Release|Any CPU.Deploy.0 = Release|Any CPU
	EndGlobalSection
	GlobalSection(SolutionProperties) = preSolution
		HideSolutionNode = FALSE
	EndGlobalSection
EndGlobal
