
Microsoft Visual Studio Solution File, Format Version 11.00
# Visual Studio 2010 Express for Windows Phone
Project("{F184B08F-C81C-45F6-A57F-5ABD9991F28F}") = "inClassWeek3", "inClassWeek3\inClassWeek3.vbproj", "{0EFD244B-2578-4E12-BE6A-6BCBDE6ADBC0}"
EndProject
Global
	GlobalSection(SolutionConfigurationPlatforms) = preSolution
		Debug|Any CPU = Debug|Any CPU
		Release|Any CPU = Release|Any CPU
	EndGlobalSection
	GlobalSection(ProjectConfigurationPlatforms) = postSolution
		{0EFD244B-2578-4E12-BE6A-6BCBDE6ADBC0}.Debug|Any CPU.ActiveCfg = Debug|Any CPU
		{0EFD244B-2578-4E12-BE6A-6BCBDE6ADBC0}.Debug|Any CPU.Build.0 = Debug|Any CPU
		{0EFD244B-2578-4E12-BE6A-6BCBDE6ADBC0}.Debug|Any CPU.Deploy.0 = Debug|Any CPU
		{0EFD244B-2578-4E12-BE6A-6BCBDE6ADBC0}.Release|Any CPU.ActiveCfg = Release|Any CPU
		{0EFD244B-2578-4E12-BE6A-6BCBDE6ADBC0}.Release|Any CPU.Build.0 = Release|Any CPU
		{0EFD244B-2578-4E12-BE6A-6BCBDE6ADBC0}.Release|Any CPU.Deploy.0 = Release|Any CPU
	EndGlobalSection
	GlobalSection(SolutionProperties) = preSolution
		HideSolutionNode = FALSE
	EndGlobalSection
EndGlobal
