
Microsoft Visual Studio Solution File, Format Version 11.00
# Visual Studio 2010 Express for Windows Phone
Project("{FAE04EC0-301F-11D3-BF4B-00C04F79EFBC}") = "InClassWeek6", "InClassWeek6\InClassWeek6.csproj", "{307A4230-A95A-404A-B6A2-7F49472991CB}"
EndProject
Global
	GlobalSection(SolutionConfigurationPlatforms) = preSolution
		Debug|Any CPU = Debug|Any CPU
		Release|Any CPU = Release|Any CPU
	EndGlobalSection
	GlobalSection(ProjectConfigurationPlatforms) = postSolution
		{307A4230-A95A-404A-B6A2-7F49472991CB}.Debug|Any CPU.ActiveCfg = Debug|Any CPU
		{307A4230-A95A-404A-B6A2-7F49472991CB}.Debug|Any CPU.Build.0 = Debug|Any CPU
		{307A4230-A95A-404A-B6A2-7F49472991CB}.Debug|Any CPU.Deploy.0 = Debug|Any CPU
		{307A4230-A95A-404A-B6A2-7F49472991CB}.Release|Any CPU.ActiveCfg = Release|Any CPU
		{307A4230-A95A-404A-B6A2-7F49472991CB}.Release|Any CPU.Build.0 = Release|Any CPU
		{307A4230-A95A-404A-B6A2-7F49472991CB}.Release|Any CPU.Deploy.0 = Release|Any CPU
	EndGlobalSection
	GlobalSection(SolutionProperties) = preSolution
		HideSolutionNode = FALSE
	EndGlobalSection
EndGlobal
